// !$*UTF8*$!
{
	archiveVersion = 1;
	classes = {
	};
	objectVersion = 56;
	objects = {

/* Begin PBXBuildFile section */
		EF29EFE62C1C5ECD00A0FEB0 /* AppEntry.swift in Sources */ = {isa = PBXBuildFile; fileRef = EF29EFE52C1C5ECD00A0FEB0 /* AppEntry.swift */; };
		EF29EFE82C1C5ECD00A0FEB0 /* StartView.swift in Sources */ = {isa = PBXBuildFile; fileRef = EF29EFE72C1C5ECD00A0FEB0 /* StartView.swift */; };
		EF29EFEA2C1C5ECF00A0FEB0 /* Assets.xcassets in Resources */ = {isa = PBXBuildFile; fileRef = EF29EFE92C1C5ECF00A0FEB0 /* Assets.xcassets */; };
		EF29EFED2C1C5ECF00A0FEB0 /* Preview Assets.xcassets in Resources */ = {isa = PBXBuildFile; fileRef = EF29EFEC2C1C5ECF00A0FEB0 /* Preview Assets.xcassets */; };
		EF29EFF72C1C6B6400A0FEB0 /* GameView.swift in Sources */ = {isa = PBXBuildFile; fileRef = EF29EFF62C1C6B6400A0FEB0 /* GameView.swift */; };
		EF29EFFA2C1C6F4C00A0FEB0 /* GameModels.swift in Sources */ = {isa = PBXBuildFile; fileRef = EF29EFF92C1C6F4C00A0FEB0 /* GameModels.swift */; };
		EF29EFFE2C1C7E8400A0FEB0 /* ViewModifiers.swift in Sources */ = {isa = PBXBuildFile; fileRef = EF29EFFD2C1C7E8400A0FEB0 /* ViewModifiers.swift */; };
		EF29F0002C1C82E500A0FEB0 /* GameService.swift in Sources */ = {isa = PBXBuildFile; fileRef = EF29EFFF2C1C82E500A0FEB0 /* GameService.swift */; };
		EF29F0032C1C85F800A0FEB0 /* MPConnectionManager.swift in Sources */ = {isa = PBXBuildFile; fileRef = EF29F0022C1C85F800A0FEB0 /* MPConnectionManager.swift */; };
		EF29F0052C1CF73800A0FEB0 /* MPGameMove.swift in Sources */ = {isa = PBXBuildFile; fileRef = EF29F0042C1CF73800A0FEB0 /* MPGameMove.swift */; };
		EF29F0072C1D030100A0FEB0 /* GameSquare.swift in Sources */ = {isa = PBXBuildFile; fileRef = EF29F0062C1D030100A0FEB0 /* GameSquare.swift */; };
		EF29F0092C1D048500A0FEB0 /* SquareView.swift in Sources */ = {isa = PBXBuildFile; fileRef = EF29F0082C1D048500A0FEB0 /* SquareView.swift */; };
		EF29F00B2C1DA29800A0FEB0 /* MPPeersView.swift in Sources */ = {isa = PBXBuildFile; fileRef = EF29F00A2C1DA29800A0FEB0 /* MPPeersView.swift */; };
		EF29F00D2C1E586500A0FEB0 /* YourNameView.swift in Sources */ = {isa = PBXBuildFile; fileRef = EF29F00C2C1E586500A0FEB0 /* YourNameView.swift */; };
/* End PBXBuildFile section */

/* Begin PBXFileReference section */
		EF29EFE22C1C5ECD00A0FEB0 /* X0s.app */ = {isa = PBXFileReference; explicitFileType = wrapper.application; includeInIndex = 0; path = X0s.app; sourceTree = BUILT_PRODUCTS_DIR; };
		EF29EFE52C1C5ECD00A0FEB0 /* AppEntry.swift */ = {isa = PBXFileReference; lastKnownFileType = sourcecode.swift; path = AppEntry.swift; sourceTree = "<group>"; };
		EF29EFE72C1C5ECD00A0FEB0 /* StartView.swift */ = {isa = PBXFileReference; lastKnownFileType = sourcecode.swift; path = StartView.swift; sourceTree = "<group>"; };
		EF29EFE92C1C5ECF00A0FEB0 /* Assets.xcassets */ = {isa = PBXFileReference; lastKnownFileType = folder.assetcatalog; path = Assets.xcassets; sourceTree = "<group>"; };
		EF29EFEC2C1C5ECF00A0FEB0 /* Preview Assets.xcassets */ = {isa = PBXFileReference; lastKnownFileType = folder.assetcatalog; path = "Preview Assets.xcassets"; sourceTree = "<group>"; };
		EF29EFF62C1C6B6400A0FEB0 /* GameView.swift */ = {isa = PBXFileReference; lastKnownFileType = sourcecode.swift; path = GameView.swift; sourceTree = "<group>"; };
		EF29EFF92C1C6F4C00A0FEB0 /* GameModels.swift */ = {isa = PBXFileReference; lastKnownFileType = sourcecode.swift; path = GameModels.swift; sourceTree = "<group>"; };
		EF29EFFB2C1C725F00A0FEB0 /* Info.plist */ = {isa = PBXFileReference; lastKnownFileType = text.plist; path = Info.plist; sourceTree = "<group>"; };
		EF29EFFD2C1C7E8400A0FEB0 /* ViewModifiers.swift */ = {isa = PBXFileReference; lastKnownFileType = sourcecode.swift; path = ViewModifiers.swift; sourceTree = "<group>"; };
		EF29EFFF2C1C82E500A0FEB0 /* GameService.swift */ = {isa = PBXFileReference; lastKnownFileType = sourcecode.swift; path = GameService.swift; sourceTree = "<group>"; };
		EF29F0022C1C85F800A0FEB0 /* MPConnectionManager.swift */ = {isa = PBXFileReference; lastKnownFileType = sourcecode.swift; path = MPConnectionManager.swift; sourceTree = "<group>"; };
		EF29F0042C1CF73800A0FEB0 /* MPGameMove.swift */ = {isa = PBXFileReference; lastKnownFileType = sourcecode.swift; path = MPGameMove.swift; sourceTree = "<group>"; };
		EF29F0062C1D030100A0FEB0 /* GameSquare.swift */ = {isa = PBXFileReference; lastKnownFileType = sourcecode.swift; path = GameSquare.swift; sourceTree = "<group>"; };
		EF29F0082C1D048500A0FEB0 /* SquareView.swift */ = {isa = PBXFileReference; lastKnownFileType = sourcecode.swift; path = SquareView.swift; sourceTree = "<group>"; };
		EF29F00A2C1DA29800A0FEB0 /* MPPeersView.swift */ = {isa = PBXFileReference; lastKnownFileType = sourcecode.swift; path = MPPeersView.swift; sourceTree = "<group>"; };
		EF29F00C2C1E586500A0FEB0 /* YourNameView.swift */ = {isa = PBXFileReference; lastKnownFileType = sourcecode.swift; path = YourNameView.swift; sourceTree = "<group>"; };
/* End PBXFileReference section */

/* Begin PBXFrameworksBuildPhase section */
		EF29EFDF2C1C5ECD00A0FEB0 /* Frameworks */ = {
			isa = PBXFrameworksBuildPhase;
			buildActionMask = 2147483647;
			files = (
			);
			runOnlyForDeploymentPostprocessing = 0;
		};
/* End PBXFrameworksBuildPhase section */

/* Begin PBXGroup section */
		EF29EFD92C1C5ECD00A0FEB0 = {
			isa = PBXGroup;
			children = (
				EF29EFE42C1C5ECD00A0FEB0 /* X0s */,
				EF29EFE32C1C5ECD00A0FEB0 /* Products */,
			);
			sourceTree = "<group>";
		};
		EF29EFE32C1C5ECD00A0FEB0 /* Products */ = {
			isa = PBXGroup;
			children = (
				EF29EFE22C1C5ECD00A0FEB0 /* X0s.app */,
			);
			name = Products;
			sourceTree = "<group>";
		};
		EF29EFE42C1C5ECD00A0FEB0 /* X0s */ = {
			isa = PBXGroup;
			children = (
				EF29EFFB2C1C725F00A0FEB0 /* Info.plist */,
				EF29EFFC2C1C7E6200A0FEB0 /* Utilities */,
				EF29EFF82C1C6F3100A0FEB0 /* Models */,
				EF29EFF32C1C6B2900A0FEB0 /* GameScreen */,
				EF29F0012C1C85B500A0FEB0 /* MultipeerConnectivity */,
				EF29EFE52C1C5ECD00A0FEB0 /* AppEntry.swift */,
				EF29EFE72C1C5ECD00A0FEB0 /* StartView.swift */,
				EF29F00C2C1E586500A0FEB0 /* YourNameView.swift */,
				EF29EFE92C1C5ECF00A0FEB0 /* Assets.xcassets */,
				EF29EFEB2C1C5ECF00A0FEB0 /* Preview Content */,
			);
			path = X0s;
			sourceTree = "<group>";
		};
		EF29EFEB2C1C5ECF00A0FEB0 /* Preview Content */ = {
			isa = PBXGroup;
			children = (
				EF29EFEC2C1C5ECF00A0FEB0 /* Preview Assets.xcassets */,
			);
			path = "Preview Content";
			sourceTree = "<group>";
		};
		EF29EFF32C1C6B2900A0FEB0 /* GameScreen */ = {
			isa = PBXGroup;
			children = (
				EF29EFF62C1C6B6400A0FEB0 /* GameView.swift */,
				EF29EFFF2C1C82E500A0FEB0 /* GameService.swift */,
				EF29F0062C1D030100A0FEB0 /* GameSquare.swift */,
				EF29F0082C1D048500A0FEB0 /* SquareView.swift */,
			);
			path = GameScreen;
			sourceTree = "<group>";
		};
		EF29EFF82C1C6F3100A0FEB0 /* Models */ = {
			isa = PBXGroup;
			children = (
				EF29EFF92C1C6F4C00A0FEB0 /* GameModels.swift */,
			);
			path = Models;
			sourceTree = "<group>";
		};
		EF29EFFC2C1C7E6200A0FEB0 /* Utilities */ = {
			isa = PBXGroup;
			children = (
				EF29EFFD2C1C7E8400A0FEB0 /* ViewModifiers.swift */,
			);
			path = Utilities;
			sourceTree = "<group>";
		};
		EF29F0012C1C85B500A0FEB0 /* MultipeerConnectivity */ = {
			isa = PBXGroup;
			children = (
				EF29F0022C1C85F800A0FEB0 /* MPConnectionManager.swift */,
				EF29F0042C1CF73800A0FEB0 /* MPGameMove.swift */,
				EF29F00A2C1DA29800A0FEB0 /* MPPeersView.swift */,
			);
			path = MultipeerConnectivity;
			sourceTree = "<group>";
		};
/* End PBXGroup section */

/* Begin PBXNativeTarget section */
		EF29EFE12C1C5ECD00A0FEB0 /* X0s */ = {
			isa = PBXNativeTarget;
			buildConfigurationList = EF29EFF02C1C5ECF00A0FEB0 /* Build configuration list for PBXNativeTarget "X0s" */;
			buildPhases = (
				EF29EFDE2C1C5ECD00A0FEB0 /* Sources */,
				EF29EFDF2C1C5ECD00A0FEB0 /* Frameworks */,
				EF29EFE02C1C5ECD00A0FEB0 /* Resources */,
			);
			buildRules = (
			);
			dependencies = (
			);
			name = X0s;
			productName = X0s;
			productReference = EF29EFE22C1C5ECD00A0FEB0 /* X0s.app */;
			productType = "com.apple.product-type.application";
		};
/* End PBXNativeTarget section */

/* Begin PBXProject section */
		EF29EFDA2C1C5ECD00A0FEB0 /* Project object */ = {
			isa = PBXProject;
			attributes = {
				BuildIndependentTargetsInParallel = 1;
				LastSwiftUpdateCheck = 1530;
				LastUpgradeCheck = 1530;
				TargetAttributes = {
					EF29EFE12C1C5ECD00A0FEB0 = {
						CreatedOnToolsVersion = 15.3;
					};
				};
			};
			buildConfigurationList = EF29EFDD2C1C5ECD00A0FEB0 /* Build configuration list for PBXProject "X0s" */;
			compatibilityVersion = "Xcode 14.0";
			developmentRegion = en;
			hasScannedForEncodings = 0;
			knownRegions = (
				en,
				Base,
			);
			mainGroup = EF29EFD92C1C5ECD00A0FEB0;
			productRefGroup = EF29EFE32C1C5ECD00A0FEB0 /* Products */;
			projectDirPath = "";
			projectRoot = "";
			targets = (
				EF29EFE12C1C5ECD00A0FEB0 /* X0s */,
			);
		};
/* End PBXProject section */

/* Begin PBXResourcesBuildPhase section */
		EF29EFE02C1C5ECD00A0FEB0 /* Resources */ = {
			isa = PBXResourcesBuildPhase;
			buildActionMask = 2147483647;
			files = (
				EF29EFED2C1C5ECF00A0FEB0 /* Preview Assets.xcassets in Resources */,
				EF29EFEA2C1C5ECF00A0FEB0 /* Assets.xcassets in Resources */,
			);
			runOnlyForDeploymentPostprocessing = 0;
		};
/* End PBXResourcesBuildPhase section */

/* Begin PBXSourcesBuildPhase section */
		EF29EFDE2C1C5ECD00A0FEB0 /* Sources */ = {
			isa = PBXSourcesBuildPhase;
			buildActionMask = 2147483647;
			files = (
				EF29F00D2C1E586500A0FEB0 /* YourNameView.swift in Sources */,
				EF29F0032C1C85F800A0FEB0 /* MPConnectionManager.swift in Sources */,
				EF29F00B2C1DA29800A0FEB0 /* MPPeersView.swift in Sources */,
				EF29F0092C1D048500A0FEB0 /* SquareView.swift in Sources */,
				EF29F0072C1D030100A0FEB0 /* GameSquare.swift in Sources */,
				EF29F0052C1CF73800A0FEB0 /* MPGameMove.swift in Sources */,
				EF29EFFE2C1C7E8400A0FEB0 /* ViewModifiers.swift in Sources */,
				EF29EFE82C1C5ECD00A0FEB0 /* StartView.swift in Sources */,
				EF29EFFA2C1C6F4C00A0FEB0 /* GameModels.swift in Sources */,
				EF29F0002C1C82E500A0FEB0 /* GameService.swift in Sources */,
				EF29EFF72C1C6B6400A0FEB0 /* GameView.swift in Sources */,
				EF29EFE62C1C5ECD00A0FEB0 /* AppEntry.swift in Sources */,
			);
			runOnlyForDeploymentPostprocessing = 0;
		};
/* End PBXSourcesBuildPhase section */

/* Begin XCBuildConfiguration section */
		EF29EFEE2C1C5ECF00A0FEB0 /* Debug */ = {
			isa = XCBuildConfiguration;
			buildSettings = {
				ALWAYS_SEARCH_USER_PATHS = NO;
				ASSETCATALOG_COMPILER_GENERATE_SWIFT_ASSET_SYMBOL_EXTENSIONS = YES;
				CLANG_ANALYZER_NONNULL = YES;
				CLANG_ANALYZER_NUMBER_OBJECT_CONVERSION = YES_AGGRESSIVE;
				CLANG_CXX_LANGUAGE_STANDARD = "gnu++20";
				CLANG_ENABLE_MODULES = YES;
				CLANG_ENABLE_OBJC_ARC = YES;
				CLANG_ENABLE_OBJC_WEAK = YES;
				CLANG_WARN_BLOCK_CAPTURE_AUTORELEASING = YES;
				CLANG_WARN_BOOL_CONVERSION = YES;
				CLANG_WARN_COMMA = YES;
				CLANG_WARN_CONSTANT_CONVERSION = YES;
				CLANG_WARN_DEPRECATED_OBJC_IMPLEMENTATIONS = YES;
				CLANG_WARN_DIRECT_OBJC_ISA_USAGE = YES_ERROR;
				CLANG_WARN_DOCUMENTATION_COMMENTS = YES;
				CLANG_WARN_EMPTY_BODY = YES;
				CLANG_WARN_ENUM_CONVERSION = YES;
				CLANG_WARN_INFINITE_RECURSION = YES;
				CLANG_WARN_INT_CONVERSION = YES;
				CLANG_WARN_NON_LITERAL_NULL_CONVERSION = YES;
				CLANG_WARN_OBJC_IMPLICIT_RETAIN_SELF = YES;
				CLANG_WARN_OBJC_LITERAL_CONVERSION = YES;
				CLANG_WARN_OBJC_ROOT_CLASS = YES_ERROR;
				CLANG_WARN_QUOTED_INCLUDE_IN_FRAMEWORK_HEADER = YES;
				CLANG_WARN_RANGE_LOOP_ANALYSIS = YES;
				CLANG_WARN_STRICT_PROTOTYPES = YES;
				CLANG_WARN_SUSPICIOUS_MOVE = YES;
				CLANG_WARN_UNGUARDED_AVAILABILITY = YES_AGGRESSIVE;
				CLANG_WARN_UNREACHABLE_CODE = YES;
				CLANG_WARN__DUPLICATE_METHOD_MATCH = YES;
				COPY_PHASE_STRIP = NO;
				DEBUG_INFORMATION_FORMAT = dwarf;
				ENABLE_STRICT_OBJC_MSGSEND = YES;
				ENABLE_TESTABILITY = YES;
				ENABLE_USER_SCRIPT_SANDBOXING = YES;
				GCC_C_LANGUAGE_STANDARD = gnu17;
				GCC_DYNAMIC_NO_PIC = NO;
				GCC_NO_COMMON_BLOCKS = YES;
				GCC_OPTIMIZATION_LEVEL = 0;
				GCC_PREPROCESSOR_DEFINITIONS = (
					"DEBUG=1",
					"$(inherited)",
				);
				GCC_WARN_64_TO_32_BIT_CONVERSION = YES;
				GCC_WARN_ABOUT_RETURN_TYPE = YES_ERROR;
				GCC_WARN_UNDECLARED_SELECTOR = YES;
				GCC_WARN_UNINITIALIZED_AUTOS = YES_AGGRESSIVE;
				GCC_WARN_UNUSED_FUNCTION = YES;
				GCC_WARN_UNUSED_VARIABLE = YES;
				IPHONEOS_DEPLOYMENT_TARGET = 17.4;
				LOCALIZATION_PREFERS_STRING_CATALOGS = YES;
				MTL_ENABLE_DEBUG_INFO = INCLUDE_SOURCE;
				MTL_FAST_MATH = YES;
				ONLY_ACTIVE_ARCH = YES;
				SDKROOT = iphoneos;
				SWIFT_ACTIVE_COMPILATION_CONDITIONS = "DEBUG $(inherited)";
				SWIFT_OPTIMIZATION_LEVEL = "-Onone";
			};
			name = Debug;
		};
		EF29EFEF2C1C5ECF00A0FEB0 /* Release */ = {
			isa = XCBuildConfiguration;
			buildSettings = {
				ALWAYS_SEARCH_USER_PATHS = NO;
				ASSETCATALOG_COMPILER_GENERATE_SWIFT_ASSET_SYMBOL_EXTENSIONS = YES;
				CLANG_ANALYZER_NONNULL = YES;
				CLANG_ANALYZER_NUMBER_OBJECT_CONVERSION = YES_AGGRESSIVE;
				CLANG_CXX_LANGUAGE_STANDARD = "gnu++20";
				CLANG_ENABLE_MODULES = YES;
				CLANG_ENABLE_OBJC_ARC = YES;
				CLANG_ENABLE_OBJC_WEAK = YES;
				CLANG_WARN_BLOCK_CAPTURE_AUTORELEASING = YES;
				CLANG_WARN_BOOL_CONVERSION = YES;
				CLANG_WARN_COMMA = YES;
				CLANG_WARN_CONSTANT_CONVERSION = YES;
				CLANG_WARN_DEPRECATED_OBJC_IMPLEMENTATIONS = YES;
				CLANG_WARN_DIRECT_OBJC_ISA_USAGE = YES_ERROR;
				CLANG_WARN_DOCUMENTATION_COMMENTS = YES;
				CLANG_WARN_EMPTY_BODY = YES;
				CLANG_WARN_ENUM_CONVERSION = YES;
				CLANG_WARN_INFINITE_RECURSION = YES;
				CLANG_WARN_INT_CONVERSION = YES;
				CLANG_WARN_NON_LITERAL_NULL_CONVERSION = YES;
				CLANG_WARN_OBJC_IMPLICIT_RETAIN_SELF = YES;
				CLANG_WARN_OBJC_LITERAL_CONVERSION = YES;
				CLANG_WARN_OBJC_ROOT_CLASS = YES_ERROR;
				CLANG_WARN_QUOTED_INCLUDE_IN_FRAMEWORK_HEADER = YES;
				CLANG_WARN_RANGE_LOOP_ANALYSIS = YES;
				CLANG_WARN_STRICT_PROTOTYPES = YES;
				CLANG_WARN_SUSPICIOUS_MOVE = YES;
				CLANG_WARN_UNGUARDED_AVAILABILITY = YES_AGGRESSIVE;
				CLANG_WARN_UNREACHABLE_CODE = YES;
				CLANG_WARN__DUPLICATE_METHOD_MATCH = YES;
				COPY_PHASE_STRIP = NO;
				DEBUG_INFORMATION_FORMAT = "dwarf-with-dsym";
				ENABLE_NS_ASSERTIONS = NO;
				ENABLE_STRICT_OBJC_MSGSEND = YES;
				ENABLE_USER_SCRIPT_SANDBOXING = YES;
				GCC_C_LANGUAGE_STANDARD = gnu17;
				GCC_NO_COMMON_BLOCKS = YES;
				GCC_WARN_64_TO_32_BIT_CONVERSION = YES;
				GCC_WARN_ABOUT_RETURN_TYPE = YES_ERROR;
				GCC_WARN_UNDECLARED_SELECTOR = YES;
				GCC_WARN_UNINITIALIZED_AUTOS = YES_AGGRESSIVE;
				GCC_WARN_UNUSED_FUNCTION = YES;
				GCC_WARN_UNUSED_VARIABLE = YES;
				IPHONEOS_DEPLOYMENT_TARGET = 17.4;
				LOCALIZATION_PREFERS_STRING_CATALOGS = YES;
				MTL_ENABLE_DEBUG_INFO = NO;
				MTL_FAST_MATH = YES;
				SDKROOT = iphoneos;
				SWIFT_COMPILATION_MODE = wholemodule;
				VALIDATE_PRODUCT = YES;
			};
			name = Release;
		};
		EF29EFF12C1C5ECF00A0FEB0 /* Debug */ = {
			isa = XCBuildConfiguration;
			buildSettings = {
				ASSETCATALOG_COMPILER_APPICON_NAME = AppIcon;
				ASSETCATALOG_COMPILER_GLOBAL_ACCENT_COLOR_NAME = AccentColor;
				CODE_SIGN_STYLE = Automatic;
				CURRENT_PROJECT_VERSION = 1;
				DEVELOPMENT_ASSET_PATHS = "\"X0s/Preview Content\"";
				DEVELOPMENT_TEAM = NJS96UDXFV;
				ENABLE_PREVIEWS = YES;
				GENERATE_INFOPLIST_FILE = YES;
				INFOPLIST_FILE = X0s/Info.plist;
				INFOPLIST_KEY_UIApplicationSceneManifest_Generation = YES;
				INFOPLIST_KEY_UIApplicationSupportsIndirectInputEvents = YES;
				INFOPLIST_KEY_UILaunchScreen_Generation = YES;
				INFOPLIST_KEY_UISupportedInterfaceOrientations = UIInterfaceOrientationPortrait;
				INFOPLIST_KEY_UISupportedInterfaceOrientations_iPad = "UIInterfaceOrientationLandscapeLeft UIInterfaceOrientationLandscapeRight UIInterfaceOrientationPortrait UIInterfaceOrientationPortraitUpsideDown";
				LD_RUNPATH_SEARCH_PATHS = (
					"$(inherited)",
					"@executable_path/Frameworks",
				);
				MARKETING_VERSION = 1.0;
				PRODUCT_BUNDLE_IDENTIFIER = es.ua.mastermoviles.dsl.X0s;
				PRODUCT_NAME = "$(TARGET_NAME)";
				SWIFT_EMIT_LOC_STRINGS = YES;
				SWIFT_VERSION = 5.0;
				TARGETED_DEVICE_FAMILY = "1,2";
			};
			name = Debug;
		};
		EF29EFF22C1C5ECF00A0FEB0 /* Release */ = {
			isa = XCBuildConfiguration;
			buildSettings = {
				ASSETCATALOG_COMPILER_APPICON_NAME = AppIcon;
				ASSETCATALOG_COMPILER_GLOBAL_ACCENT_COLOR_NAME = AccentColor;
				CODE_SIGN_STYLE = Automatic;
				CURRENT_PROJECT_VERSION = 1;
				DEVELOPMENT_ASSET_PATHS = "\"X0s/Preview Content\"";
				DEVELOPMENT_TEAM = NJS96UDXFV;
				ENABLE_PREVIEWS = YES;
				GENERATE_INFOPLIST_FILE = YES;
				INFOPLIST_FILE = X0s/Info.plist;
				INFOPLIST_KEY_UIApplicationSceneManifest_Generation = YES;
				INFOPLIST_KEY_UIApplicationSupportsIndirectInputEvents = YES;
				INFOPLIST_KEY_UILaunchScreen_Generation = YES;
				INFOPLIST_KEY_UISupportedInterfaceOrientations = UIInterfaceOrientationPortrait;
				INFOPLIST_KEY_UISupportedInterfaceOrientations_iPad = "UIInterfaceOrientationLandscapeLeft UIInterfaceOrientationLandscapeRight UIInterfaceOrientationPortrait UIInterfaceOrientationPortraitUpsideDown";
				LD_RUNPATH_SEARCH_PATHS = (
					"$(inherited)",
					"@executable_path/Frameworks",
				);
				MARKETING_VERSION = 1.0;
				PRODUCT_BUNDLE_IDENTIFIER = es.ua.mastermoviles.dsl.X0s;
				PRODUCT_NAME = "$(TARGET_NAME)";
				SWIFT_EMIT_LOC_STRINGS = YES;
				SWIFT_VERSION = 5.0;
				TARGETED_DEVICE_FAMILY = "1,2";
			};
			name = Release;
		};
/* End XCBuildConfiguration section */

/* Begin XCConfigurationList section */
		EF29EFDD2C1C5ECD00A0FEB0 /* Build configuration list for PBXProject "X0s" */ = {
			isa = XCConfigurationList;
			buildConfigurations = (
				EF29EFEE2C1C5ECF00A0FEB0 /* Debug */,
				EF29EFEF2C1C5ECF00A0FEB0 /* Release */,
			);
			defaultConfigurationIsVisible = 0;
			defaultConfigurationName = Release;
		};
		EF29EFF02C1C5ECF00A0FEB0 /* Build configuration list for PBXNativeTarget "X0s" */ = {
			isa = XCConfigurationList;
			buildConfigurations = (
				EF29EFF12C1C5ECF00A0FEB0 /* Debug */,
				EF29EFF22C1C5ECF00A0FEB0 /* Release */,
			);
			defaultConfigurationIsVisible = 0;
			defaultConfigurationName = Release;
		};
/* End XCConfigurationList section */
	};
	rootObject = EF29EFDA2C1C5ECD00A0FEB0 /* Project object */;
}
